
Microsoft Visual Studio Solution File, Format Version 12.00
# Visual Studio Version 16
VisualStudioVersion = 16.0.32126.315
MinimumVisualStudioVersion = 10.0.40219.1
Project("{FAE04EC0-301F-11D3-BF4B-00C04F79EFBC}") = "bt_demo", "bt_demo\bt_demo.csproj", "{BEB82413-8A41-4F22-8295-E34CA10272CD}"
EndProject
Global
	GlobalSection(SolutionConfigurationPlatforms) = preSolution
		Debug|Any CPU = Debug|Any CPU
		Release|Any CPU = Release|Any CPU
	EndGlobalSection
	GlobalSection(ProjectConfigurationPlatforms) = postSolution
		{BEB82413-8A41-4F22-8295-E34CA10272CD}.Debug|Any CPU.ActiveCfg = Debug|Any CPU
		{BEB82413-8A41-4F22-8295-E34CA10272CD}.Debug|Any CPU.Build.0 = Debug|Any CPU
		{BEB82413-8A41-4F22-8295-E34CA10272CD}.Release|Any CPU.ActiveCfg = Release|Any CPU
		{BEB82413-8A41-4F22-8295-E34CA10272CD}.Release|Any CPU.Build.0 = Release|Any CPU
	EndGlobalSection
	GlobalSection(SolutionProperties) = preSolution
		HideSolutionNode = FALSE
	EndGlobalSection
	GlobalSection(ExtensibilityGlobals) = postSolution
		SolutionGuid = {66D7B8A5-8DAE-44A2-9E2F-7F21AAD7DD9B}
	EndGlobalSection
EndGlobal
